{
  "version": 4,
  "terraform_version": "1.5.7",
  "serial": 2,
  "lineage": "c3ef06b2-1905-1826-e77b-f911f44204dc",
  "outputs": {},
  "resources": [
    {
      "module": "module.test-key",
      "mode": "managed",
      "type": "aws_ssm_parameter",
      "name": "secret",
      "provider": "provider[\"registry.terraform.io/hashicorp/aws\"]",
      "instances": [
        {
          "schema_version": 0,
          "attributes": {
            "allowed_pattern": "",
            "arn": "arn:aws:ssm:ap-northeast-2:361769597846:parameter/test-key",
            "data_type": "text",
            "description": "for testing",
            "has_value_wo": null,
            "id": "test-key",
            "insecure_value": null,
            "key_id": "alias/aws/ssm",
            "name": "test-key",
            "overwrite": null,
            "tags": {},
            "tags_all": {},
            "tier": "Standard",
            "type": "SecureString",
            "value": "secret",
            "value_wo": null,
            "value_wo_version": null,
            "version": 1
          },
          "sensitive_attributes": [],
          "private": "bnVsbA=="
        }
      ]
    }
  ],
  "check_results": null
}
